
Microsoft Visual Studio Solution File, Format Version 12.00
# Visual Studio Version 17
VisualStudioVersion = 17.7.34003.232
MinimumVisualStudioVersion = 10.0.40219.1
Project("{FAE04EC0-301F-11D3-BF4B-00C04F79EFBC}") = "Encapsulamento", "Encapsulamento\Encapsulamento.csproj", "{CC40399A-C88A-44DF-BFA9-0F9FD385682F}"
EndProject
Global
	GlobalSection(SolutionConfigurationPlatforms) = preSolution
		Debug|Any CPU = Debug|Any CPU
		Release|Any CPU = Release|Any CPU
	EndGlobalSection
	GlobalSection(ProjectConfigurationPlatforms) = postSolution
		{CC40399A-C88A-44DF-BFA9-0F9FD385682F}.Debug|Any CPU.ActiveCfg = Debug|Any CPU
		{CC40399A-C88A-44DF-BFA9-0F9FD385682F}.Debug|Any CPU.Build.0 = Debug|Any CPU
		{CC40399A-C88A-44DF-BFA9-0F9FD385682F}.Release|Any CPU.ActiveCfg = Release|Any CPU
		{CC40399A-C88A-44DF-BFA9-0F9FD385682F}.Release|Any CPU.Build.0 = Release|Any CPU
	EndGlobalSection
	GlobalSection(SolutionProperties) = preSolution
		HideSolutionNode = FALSE
	EndGlobalSection
	GlobalSection(ExtensibilityGlobals) = postSolution
		SolutionGuid = {83FDE6F2-FC16-418B-9B20-8ABD4300447B}
	EndGlobalSection
EndGlobal
