
Microsoft Visual Studio Solution File, Format Version 12.00
# Visual Studio Version 17
VisualStudioVersion = 17.7.34003.232
MinimumVisualStudioVersion = 10.0.40219.1
Project("{FAE04EC0-301F-11D3-BF4B-00C04F79EFBC}") = "ExercicioHeranca", "ExercicioHeranca\ExercicioHeranca.csproj", "{A0A9CBD8-C135-4063-8074-1F118D49EF2D}"
EndProject
Global
	GlobalSection(SolutionConfigurationPlatforms) = preSolution
		Debug|Any CPU = Debug|Any CPU
		Release|Any CPU = Release|Any CPU
	EndGlobalSection
	GlobalSection(ProjectConfigurationPlatforms) = postSolution
		{A0A9CBD8-C135-4063-8074-1F118D49EF2D}.Debug|Any CPU.ActiveCfg = Debug|Any CPU
		{A0A9CBD8-C135-4063-8074-1F118D49EF2D}.Debug|Any CPU.Build.0 = Debug|Any CPU
		{A0A9CBD8-C135-4063-8074-1F118D49EF2D}.Release|Any CPU.ActiveCfg = Release|Any CPU
		{A0A9CBD8-C135-4063-8074-1F118D49EF2D}.Release|Any CPU.Build.0 = Release|Any CPU
	EndGlobalSection
	GlobalSection(SolutionProperties) = preSolution
		HideSolutionNode = FALSE
	EndGlobalSection
	GlobalSection(ExtensibilityGlobals) = postSolution
		SolutionGuid = {47044031-2570-4FD6-B454-37BF97C01128}
	EndGlobalSection
EndGlobal
