
Microsoft Visual Studio Solution File, Format Version 12.00
# Visual Studio Version 17
VisualStudioVersion = 17.7.34003.232
MinimumVisualStudioVersion = 10.0.40219.1
Project("{FAE04EC0-301F-11D3-BF4B-00C04F79EFBC}") = "TrabalhandoComArquivos", "TrabalhandoComArquivos\TrabalhandoComArquivos.csproj", "{7989DD22-789C-4755-9DA8-F39DCC015CD4}"
EndProject
Global
	GlobalSection(SolutionConfigurationPlatforms) = preSolution
		Debug|Any CPU = Debug|Any CPU
		Release|Any CPU = Release|Any CPU
	EndGlobalSection
	GlobalSection(ProjectConfigurationPlatforms) = postSolution
		{7989DD22-789C-4755-9DA8-F39DCC015CD4}.Debug|Any CPU.ActiveCfg = Debug|Any CPU
		{7989DD22-789C-4755-9DA8-F39DCC015CD4}.Debug|Any CPU.Build.0 = Debug|Any CPU
		{7989DD22-789C-4755-9DA8-F39DCC015CD4}.Release|Any CPU.ActiveCfg = Release|Any CPU
		{7989DD22-789C-4755-9DA8-F39DCC015CD4}.Release|Any CPU.Build.0 = Release|Any CPU
	EndGlobalSection
	GlobalSection(SolutionProperties) = preSolution
		HideSolutionNode = FALSE
	EndGlobalSection
	GlobalSection(ExtensibilityGlobals) = postSolution
		SolutionGuid = {D9A5410E-081D-44C9-B4E5-9767F32E5A12}
	EndGlobalSection
EndGlobal
